
Microsoft Visual Studio Solution File, Format Version 12.00
# Visual Studio Version 17
VisualStudioVersion = 17.6.33801.468
MinimumVisualStudioVersion = 10.0.40219.1
Project("{00D1A9C2-B5F0-4AF3-8072-F6C62B433612}") = "HotelAppDB", "HotelAppDB\HotelAppDB.sqlproj", "{4DC87A51-CFB6-4332-96E7-2C34A582F5A0}"
EndProject
Global
	GlobalSection(SolutionConfigurationPlatforms) = preSolution
		Debug|Any CPU = Debug|Any CPU
		Release|Any CPU = Release|Any CPU
	EndGlobalSection
	GlobalSection(ProjectConfigurationPlatforms) = postSolution
		{4DC87A51-CFB6-4332-96E7-2C34A582F5A0}.Debug|Any CPU.ActiveCfg = Debug|Any CPU
		{4DC87A51-CFB6-4332-96E7-2C34A582F5A0}.Debug|Any CPU.Build.0 = Debug|Any CPU
		{4DC87A51-CFB6-4332-96E7-2C34A582F5A0}.Debug|Any CPU.Deploy.0 = Debug|Any CPU
		{4DC87A51-CFB6-4332-96E7-2C34A582F5A0}.Release|Any CPU.ActiveCfg = Release|Any CPU
		{4DC87A51-CFB6-4332-96E7-2C34A582F5A0}.Release|Any CPU.Build.0 = Release|Any CPU
		{4DC87A51-CFB6-4332-96E7-2C34A582F5A0}.Release|Any CPU.Deploy.0 = Release|Any CPU
	EndGlobalSection
	GlobalSection(SolutionProperties) = preSolution
		HideSolutionNode = FALSE
	EndGlobalSection
	GlobalSection(ExtensibilityGlobals) = postSolution
		SolutionGuid = {22129A1D-E6EB-4A6D-A58F-9ADAC7C3611D}
	EndGlobalSection
EndGlobal
